
Microsoft Visual Studio Solution File, Format Version 12.00
# Visual Studio 15
VisualStudioVersion = 15.0.28307.489
MinimumVisualStudioVersion = 10.0.40219.1
Project("{FAE04EC0-301F-11D3-BF4B-00C04F79EFBC}") = "Assignment_WebApp", "Assignment_WebApp\Assignment_WebApp.csproj", "{9F984F88-A2ED-429C-A7CB-828F5D5ABB72}"
EndProject
Global
	GlobalSection(SolutionConfigurationPlatforms) = preSolution
		Debug|Any CPU = Debug|Any CPU
		Release|Any CPU = Release|Any CPU
	EndGlobalSection
	GlobalSection(ProjectConfigurationPlatforms) = postSolution
		{9F984F88-A2ED-429C-A7CB-828F5D5ABB72}.Debug|Any CPU.ActiveCfg = Debug|Any CPU
		{9F984F88-A2ED-429C-A7CB-828F5D5ABB72}.Debug|Any CPU.Build.0 = Debug|Any CPU
		{9F984F88-A2ED-429C-A7CB-828F5D5ABB72}.Release|Any CPU.ActiveCfg = Release|Any CPU
		{9F984F88-A2ED-429C-A7CB-828F5D5ABB72}.Release|Any CPU.Build.0 = Release|Any CPU
	EndGlobalSection
	GlobalSection(SolutionProperties) = preSolution
		HideSolutionNode = FALSE
	EndGlobalSection
	GlobalSection(ExtensibilityGlobals) = postSolution
		SolutionGuid = {9EA1C828-9B45-402F-BD6A-5A716DCD7E91}
	EndGlobalSection
EndGlobal
